<?xml version="1.0" encoding="utf-8"?>
<Project ToolsVersion="4.0" xmlns="http://schemas.microsoft.com/developer/msbuild/2003">
  <ItemGroup>
    <Filter Include="Source Files">
      <UniqueIdentifier>{4FC737F1-C7A5-4376-A066-2A32D752A2FF}</UniqueIdentifier>
      <Extensions>cpp;c;cc;cxx;c++;cppm;ixx;def;odl;idl;hpj;bat;asm;asmx</Extensions>
    </Filter>
    <Filter Include="Header Files">
      <UniqueIdentifier>{93995380-89BD-4b04-88EB-625FBE52EBFB}</UniqueIdentifier>
      <Extensions>h;hh;hpp;hxx;h++;hm;inl;inc;ipp;xsd</Extensions>
    </Filter>
    <Filter Include="Resource Files">
      <UniqueIdentifier>{67DA6AB6-F800-4c08-8B7A-83BB121AAD01}</UniqueIdentifier>
      <Extensions>rc;ico;cur;bmp;dlg;rc2;rct;bin;rgs;gif;jpg;jpeg;jpe;resx;tiff;tif;png;wav;mfcribbon-ms</Extensions>
    </Filter>
    <Filter Include="SHA256">
      <UniqueIdentifier>{e5e55939-130c-40c9-8104-1f4fb96af543}</UniqueIdentifier>
    </Filter>
    <Filter Include="ProtoBuf">
      <UniqueIdentifier>{015fde6e-089a-4a9a-b6f6-d05131118a4a}</UniqueIdentifier>
    </Filter>
    <Filter Include="TCP">
      <UniqueIdentifier>{e191d13f-e65d-40d2-9b44-52b360483343}</UniqueIdentifier>
    </Filter>
    <Filter Include="MySQL">
      <UniqueIdentifier>{db9dd2c1-9ecf-4fbc-8bf3-6325b7ad9553}</UniqueIdentifier>
    </Filter>
  </ItemGroup>
  <ItemGroup>
    <ClInclude Include="source\TCP\cTCPServer.h">
      <Filter>TCP</Filter>
    </ClInclude>
    <ClInclude Include="source\MySQL\cMySQL.h">
      <Filter>MySQL</Filter>
    </ClInclude>
    <ClInclude Include="source\protobuf\AuthProtocol.pb.h">
      <Filter>ProtoBuf</Filter>
    </ClInclude>
    <ClInclude Include="source\hash-library\sha256.h">
      <Filter>SHA256</Filter>
    </ClInclude>
  </ItemGroup>
  <ItemGroup>
    <ClCompile Include="source\TCP\cTCPServer.cpp">
      <Filter>TCP</Filter>
    </ClCompile>
    <ClCompile Include="source\MySQL\cMySQL.cpp">
      <Filter>MySQL</Filter>
    </ClCompile>
    <ClCompile Include="source\main.cpp">
      <Filter>Source Files</Filter>
    </ClCompile>
    <ClCompile Include="source\protobuf\AuthProtocol.pb.cc">
      <Filter>ProtoBuf</Filter>
    </ClCompile>
    <ClCompile Include="source\hash-library\sha256.cpp">
      <Filter>SHA256</Filter>
    </ClCompile>
  </ItemGroup>
</Project>